
Microsoft Visual Studio Solution File, Format Version 12.00
# Visual Studio 15
VisualStudioVersion = 15.0.26730.3
MinimumVisualStudioVersion = 10.0.40219.1
Project("{FAE04EC0-301F-11D3-BF4B-00C04F79EFBC}") = "CSSD_Transport", "CSSD_Transport\CSSD_Transport.csproj", "{279A882C-3AB9-41D6-8716-D086816126EA}"
EndProject
Project("{FAE04EC0-301F-11D3-BF4B-00C04F79EFBC}") = "CSSD_TransportTests", "CSSD_TransportTests\CSSD_TransportTests.csproj", "{0A7A9658-6136-4DE7-8DA4-E6C2DB222145}"
EndProject
Global
	GlobalSection(SolutionConfigurationPlatforms) = preSolution
		Debug|Any CPU = Debug|Any CPU
		Release|Any CPU = Release|Any CPU
	EndGlobalSection
	GlobalSection(ProjectConfigurationPlatforms) = postSolution
		{279A882C-3AB9-41D6-8716-D086816126EA}.Debug|Any CPU.ActiveCfg = Debug|Any CPU
		{279A882C-3AB9-41D6-8716-D086816126EA}.Debug|Any CPU.Build.0 = Debug|Any CPU
		{279A882C-3AB9-41D6-8716-D086816126EA}.Release|Any CPU.ActiveCfg = Release|Any CPU
		{279A882C-3AB9-41D6-8716-D086816126EA}.Release|Any CPU.Build.0 = Release|Any CPU
		{0A7A9658-6136-4DE7-8DA4-E6C2DB222145}.Debug|Any CPU.ActiveCfg = Debug|Any CPU
		{0A7A9658-6136-4DE7-8DA4-E6C2DB222145}.Debug|Any CPU.Build.0 = Debug|Any CPU
		{0A7A9658-6136-4DE7-8DA4-E6C2DB222145}.Release|Any CPU.ActiveCfg = Release|Any CPU
		{0A7A9658-6136-4DE7-8DA4-E6C2DB222145}.Release|Any CPU.Build.0 = Release|Any CPU
	EndGlobalSection
	GlobalSection(SolutionProperties) = preSolution
		HideSolutionNode = FALSE
	EndGlobalSection
	GlobalSection(ExtensibilityGlobals) = postSolution
		SolutionGuid = {31FDCB0C-D9BC-4C82-BA98-4E3F00B6CBEA}
	EndGlobalSection
EndGlobal
